
Microsoft Visual Studio Solution File, Format Version 12.00
# Visual Studio Version 17
VisualStudioVersion = 17.1.32210.238
MinimumVisualStudioVersion = 10.0.40219.1
Project("{FAE04EC0-301F-11D3-BF4B-00C04F79EFBC}") = "SQL-Server-Version-Control", "SQL-Server-Version-Control\SQL-Server-Version-Control.csproj", "{BFE7ACBE-D3C2-4B1C-AE13-11C17E8C0CC2}"
EndProject
Global
	GlobalSection(SolutionConfigurationPlatforms) = preSolution
		Debug|Any CPU = Debug|Any CPU
		Release|Any CPU = Release|Any CPU
	EndGlobalSection
	GlobalSection(ProjectConfigurationPlatforms) = postSolution
		{BFE7ACBE-D3C2-4B1C-AE13-11C17E8C0CC2}.Debug|Any CPU.ActiveCfg = Debug|Any CPU
		{BFE7ACBE-D3C2-4B1C-AE13-11C17E8C0CC2}.Debug|Any CPU.Build.0 = Debug|Any CPU
		{BFE7ACBE-D3C2-4B1C-AE13-11C17E8C0CC2}.Release|Any CPU.ActiveCfg = Release|Any CPU
		{BFE7ACBE-D3C2-4B1C-AE13-11C17E8C0CC2}.Release|Any CPU.Build.0 = Release|Any CPU
	EndGlobalSection
	GlobalSection(SolutionProperties) = preSolution
		HideSolutionNode = FALSE
	EndGlobalSection
	GlobalSection(ExtensibilityGlobals) = postSolution
		SolutionGuid = {41679C2F-7194-4657-8F69-251559368213}
	EndGlobalSection
EndGlobal
